schema: '2.0'
stages:
  data_ingestion:
    cmd: python sales/pipeline/data_ingestion_pipeline.py
    deps:
    - path: config/config.yaml
      md5: 2390854940b4b444d3992795a3c54973
      size: 821
    - path: sales/pipeline/data_ingestion_pipeline.py
      md5: 1cfdba165986097b05821da904cb90cd
      size: 1201
    outs:
    - path: artifacts/data_ingestion/test.csv
      md5: 9b385c378fe5722aae41900d5dca73f4
      size: 174308
    - path: artifacts/data_ingestion/train.csv
      md5: 4996f8c6f304a4de5eb957c874cf03fd
      size: 697475
  data_transformation:
    cmd: python sales/pipeline/data_transformation_pipeline.py
    deps:
    - path: artifacts/data_ingestion/test.csv
      md5: 9b385c378fe5722aae41900d5dca73f4
      size: 174308
    - path: artifacts/data_ingestion/train.csv
      md5: 4996f8c6f304a4de5eb957c874cf03fd
      size: 697475
    - path: config/config.yaml
      md5: 2390854940b4b444d3992795a3c54973
      size: 821
    - path: sales/pipeline/data_transformation_pipeline.py
      md5: 59dc0bfe1d7bb63a76dee464f46b367a
      size: 1132
    outs:
    - path: artifacts/data_transformation/preprocessor.pkl
      md5: 809713aa8393fb0370bbd0c914e2b005
      size: 53771
    - path: artifacts/data_transformation/test.npz
      md5: 8dff695daa8af32c2307321b15c7c64e
      size: 21469488
    - path: artifacts/data_transformation/train.npz
      md5: 36c6bde0a93694c294a5bff8728fdb4f
      size: 85852384
  model_trainer:
    cmd: python sales/pipeline/model_trainer_pipeline.py
    deps:
    - path: artifacts/data_transformation/test.npz
      md5: 8dff695daa8af32c2307321b15c7c64e
      size: 21469488
    - path: artifacts/data_transformation/train.npz
      md5: 36c6bde0a93694c294a5bff8728fdb4f
      size: 85852384
    - path: config/config.yaml
      md5: 2390854940b4b444d3992795a3c54973
      size: 821
    - path: sales/pipeline/model_trainer_pipeline.py
      md5: 43cbf359df2a2adc6ee7a3dc181c2d70
      size: 1187
    outs:
    - path: artifacts/model_trainer/model.pkl
      md5: 28fdff9379e4dbf952c6d7e15aee13f4
      size: 156045588
